
Microsoft Visual Studio Solution File, Format Version 12.00
Project("{FAE04EC0-301F-11D3-BF4B-00C04F79EFBC}") = "Hexarc.Annotations", "Hexarc.Annotations\Hexarc.Annotations.csproj", "{4422F4B4-AD27-46E7-A0DB-8C586E194536}"
EndProject
Global
	GlobalSection(SolutionConfigurationPlatforms) = preSolution
		Debug|Any CPU = Debug|Any CPU
		Release|Any CPU = Release|Any CPU
	EndGlobalSection
	GlobalSection(ProjectConfigurationPlatforms) = postSolution
		{4422F4B4-AD27-46E7-A0DB-8C586E194536}.Debug|Any CPU.ActiveCfg = Debug|Any CPU
		{4422F4B4-AD27-46E7-A0DB-8C586E194536}.Debug|Any CPU.Build.0 = Debug|Any CPU
		{4422F4B4-AD27-46E7-A0DB-8C586E194536}.Release|Any CPU.ActiveCfg = Release|Any CPU
		{4422F4B4-AD27-46E7-A0DB-8C586E194536}.Release|Any CPU.Build.0 = Release|Any CPU
	EndGlobalSection
EndGlobal
